// !$*UTF8*$!
{
	archiveVersion = 1;
	classes = {
	};
	objectVersion = 46;
	objects = {

/* Begin PBXBuildFile section */
		A50965361D1D999E00413AF7 /* AppDelegate.swift in Sources */ = {isa = PBXBuildFile; fileRef = A50965351D1D999E00413AF7 /* AppDelegate.swift */; };
		A50965381D1D999E00413AF7 /* GameScene.sks in Resources */ = {isa = PBXBuildFile; fileRef = A50965371D1D999E00413AF7 /* GameScene.sks */; };
		A509653A1D1D999E00413AF7 /* GameScene.swift in Sources */ = {isa = PBXBuildFile; fileRef = A50965391D1D999E00413AF7 /* GameScene.swift */; };
		A509653C1D1D999E00413AF7 /* GameViewController.swift in Sources */ = {isa = PBXBuildFile; fileRef = A509653B1D1D999E00413AF7 /* GameViewController.swift */; };
		A509653F1D1D999E00413AF7 /* Main.storyboard in Resources */ = {isa = PBXBuildFile; fileRef = A509653D1D1D999E00413AF7 /* Main.storyboard */; };
		A50965411D1D999E00413AF7 /* Assets.xcassets in Resources */ = {isa = PBXBuildFile; fileRef = A50965401D1D999E00413AF7 /* Assets.xcassets */; };
		A50965441D1D999E00413AF7 /* LaunchScreen.storyboard in Resources */ = {isa = PBXBuildFile; fileRef = A50965421D1D999E00413AF7 /* LaunchScreen.storyboard */; };
		A509654C1D1D9ADD00413AF7 /* assets.atlas in Resources */ = {isa = PBXBuildFile; fileRef = A509654B1D1D9ADD00413AF7 /* assets.atlas */; };
		A509654E1D1D9B3300413AF7 /* Bear.sks in Resources */ = {isa = PBXBuildFile; fileRef = A509654D1D1D9B3300413AF7 /* Bear.sks */; };
		A50965501D1D9CAE00413AF7 /* CharacterActions.sks in Resources */ = {isa = PBXBuildFile; fileRef = A509654F1D1D9CAE00413AF7 /* CharacterActions.sks */; };
		A50965521D1DA04C00413AF7 /* Penguin.sks in Resources */ = {isa = PBXBuildFile; fileRef = A50965511D1DA04C00413AF7 /* Penguin.sks */; };
		A50965541D1DB5CC00413AF7 /* MSReferenceNode.swift in Sources */ = {isa = PBXBuildFile; fileRef = A50965531D1DB5CC00413AF7 /* MSReferenceNode.swift */; };
		A50965561D1DB66A00413AF7 /* Seal.sks in Resources */ = {isa = PBXBuildFile; fileRef = A50965551D1DB66A00413AF7 /* Seal.sks */; };
		A50965591D1DC71A00413AF7 /* MainScene.sks in Resources */ = {isa = PBXBuildFile; fileRef = A50965581D1DC71A00413AF7 /* MainScene.sks */; };
		A509655B1D1DC7E600413AF7 /* MSButtonNode.swift in Sources */ = {isa = PBXBuildFile; fileRef = A509655A1D1DC7E600413AF7 /* MSButtonNode.swift */; };
		A509655D1D1DCAF500413AF7 /* MainScene.swift in Sources */ = {isa = PBXBuildFile; fileRef = A509655C1D1DCAF500413AF7 /* MainScene.swift */; };
		A5D2E7E31D1DD4E6009CED84 /* CGFloat+Extensions.swift in Sources */ = {isa = PBXBuildFile; fileRef = A5D2E7D71D1DD4E6009CED84 /* CGFloat+Extensions.swift */; };
		A5D2E7E41D1DD4E6009CED84 /* CGPoint+Extensions.swift in Sources */ = {isa = PBXBuildFile; fileRef = A5D2E7D81D1DD4E6009CED84 /* CGPoint+Extensions.swift */; };
		A5D2E7E51D1DD4E6009CED84 /* CGVector+Extensions.swift in Sources */ = {isa = PBXBuildFile; fileRef = A5D2E7D91D1DD4E6009CED84 /* CGVector+Extensions.swift */; };
		A5D2E7E61D1DD4E6009CED84 /* Int+Extensions.swift in Sources */ = {isa = PBXBuildFile; fileRef = A5D2E7DA1D1DD4E6009CED84 /* Int+Extensions.swift */; };
		A5D2E7E71D1DD4E6009CED84 /* SKAction+Extensions.swift in Sources */ = {isa = PBXBuildFile; fileRef = A5D2E7DB1D1DD4E6009CED84 /* SKAction+Extensions.swift */; };
		A5D2E7E81D1DD4E6009CED84 /* SKAction+SpecialEffects.swift in Sources */ = {isa = PBXBuildFile; fileRef = A5D2E7DC1D1DD4E6009CED84 /* SKAction+SpecialEffects.swift */; };
		A5D2E7E91D1DD4E6009CED84 /* SKColor+Extensions.swift in Sources */ = {isa = PBXBuildFile; fileRef = A5D2E7DD1D1DD4E6009CED84 /* SKColor+Extensions.swift */; };
		A5D2E7EA1D1DD4E6009CED84 /* SKNode+Extensions.swift in Sources */ = {isa = PBXBuildFile; fileRef = A5D2E7DE1D1DD4E6009CED84 /* SKNode+Extensions.swift */; };
		A5D2E7EB1D1DD4E6009CED84 /* SKTAudio.swift in Sources */ = {isa = PBXBuildFile; fileRef = A5D2E7DF1D1DD4E6009CED84 /* SKTAudio.swift */; };
		A5D2E7EC1D1DD4E6009CED84 /* SKTEffects.swift in Sources */ = {isa = PBXBuildFile; fileRef = A5D2E7E01D1DD4E6009CED84 /* SKTEffects.swift */; };
		A5D2E7ED1D1DD4E6009CED84 /* SKTTimingFunctions.swift in Sources */ = {isa = PBXBuildFile; fileRef = A5D2E7E11D1DD4E6009CED84 /* SKTTimingFunctions.swift */; };
		A5D2E7EE1D1DD4E6009CED84 /* Vector3.swift in Sources */ = {isa = PBXBuildFile; fileRef = A5D2E7E21D1DD4E6009CED84 /* Vector3.swift */; };
		A5D2E7F11D1DE94D009CED84 /* Level1.sks in Resources */ = {isa = PBXBuildFile; fileRef = A5D2E7F01D1DE94D009CED84 /* Level1.sks */; };
		A5D531931D21B6E3008F3807 /* SealExplosion.sks in Resources */ = {isa = PBXBuildFile; fileRef = A5D531911D21B6E3008F3807 /* SealExplosion.sks */; };
		A5D531941D21B6E3008F3807 /* spark.png in Resources */ = {isa = PBXBuildFile; fileRef = A5D531921D21B6E3008F3807 /* spark.png */; };
		A5D531971D21CEC4008F3807 /* sfx_seal.caf in Resources */ = {isa = PBXBuildFile; fileRef = A5D531961D21CEC4008F3807 /* sfx_seal.caf */; };
/* End PBXBuildFile section */

/* Begin PBXFileReference section */
		A50965321D1D999E00413AF7 /* PeevedPenguins.app */ = {isa = PBXFileReference; explicitFileType = wrapper.application; includeInIndex = 0; path = PeevedPenguins.app; sourceTree = BUILT_PRODUCTS_DIR; };
		A50965351D1D999E00413AF7 /* AppDelegate.swift */ = {isa = PBXFileReference; lastKnownFileType = sourcecode.swift; path = AppDelegate.swift; sourceTree = "<group>"; };
		A50965371D1D999E00413AF7 /* GameScene.sks */ = {isa = PBXFileReference; lastKnownFileType = file.sks; path = GameScene.sks; sourceTree = "<group>"; };
		A50965391D1D999E00413AF7 /* GameScene.swift */ = {isa = PBXFileReference; lastKnownFileType = sourcecode.swift; path = GameScene.swift; sourceTree = "<group>"; };
		A509653B1D1D999E00413AF7 /* GameViewController.swift */ = {isa = PBXFileReference; lastKnownFileType = sourcecode.swift; path = GameViewController.swift; sourceTree = "<group>"; };
		A509653E1D1D999E00413AF7 /* Base */ = {isa = PBXFileReference; lastKnownFileType = file.storyboard; name = Base; path = Base.lproj/Main.storyboard; sourceTree = "<group>"; };
		A50965401D1D999E00413AF7 /* Assets.xcassets */ = {isa = PBXFileReference; lastKnownFileType = folder.assetcatalog; path = Assets.xcassets; sourceTree = "<group>"; };
		A50965431D1D999E00413AF7 /* Base */ = {isa = PBXFileReference; lastKnownFileType = file.storyboard; name = Base; path = Base.lproj/LaunchScreen.storyboard; sourceTree = "<group>"; };
		A50965451D1D999E00413AF7 /* Info.plist */ = {isa = PBXFileReference; lastKnownFileType = text.plist.xml; path = Info.plist; sourceTree = "<group>"; };
		A509654B1D1D9ADD00413AF7 /* assets.atlas */ = {isa = PBXFileReference; lastKnownFileType = folder.skatlas; path = assets.atlas; sourceTree = "<group>"; };
		A509654D1D1D9B3300413AF7 /* Bear.sks */ = {isa = PBXFileReference; lastKnownFileType = file.sks; path = Bear.sks; sourceTree = "<group>"; };
		A509654F1D1D9CAE00413AF7 /* CharacterActions.sks */ = {isa = PBXFileReference; lastKnownFileType = file.sks; path = CharacterActions.sks; sourceTree = "<group>"; };
		A50965511D1DA04C00413AF7 /* Penguin.sks */ = {isa = PBXFileReference; lastKnownFileType = file.sks; path = Penguin.sks; sourceTree = "<group>"; };
		A50965531D1DB5CC00413AF7 /* MSReferenceNode.swift */ = {isa = PBXFileReference; fileEncoding = 4; lastKnownFileType = sourcecode.swift; path = MSReferenceNode.swift; sourceTree = "<group>"; };
		A50965551D1DB66A00413AF7 /* Seal.sks */ = {isa = PBXFileReference; lastKnownFileType = file.sks; path = Seal.sks; sourceTree = "<group>"; };
		A50965581D1DC71A00413AF7 /* MainScene.sks */ = {isa = PBXFileReference; lastKnownFileType = file.sks; path = MainScene.sks; sourceTree = "<group>"; };
		A509655A1D1DC7E600413AF7 /* MSButtonNode.swift */ = {isa = PBXFileReference; fileEncoding = 4; lastKnownFileType = sourcecode.swift; path = MSButtonNode.swift; sourceTree = "<group>"; };
		A509655C1D1DCAF500413AF7 /* MainScene.swift */ = {isa = PBXFileReference; fileEncoding = 4; lastKnownFileType = sourcecode.swift; path = MainScene.swift; sourceTree = "<group>"; };
		A5D2E7D71D1DD4E6009CED84 /* CGFloat+Extensions.swift */ = {isa = PBXFileReference; fileEncoding = 4; lastKnownFileType = sourcecode.swift; path = "CGFloat+Extensions.swift"; sourceTree = "<group>"; };
		A5D2E7D81D1DD4E6009CED84 /* CGPoint+Extensions.swift */ = {isa = PBXFileReference; fileEncoding = 4; lastKnownFileType = sourcecode.swift; path = "CGPoint+Extensions.swift"; sourceTree = "<group>"; };
		A5D2E7D91D1DD4E6009CED84 /* CGVector+Extensions.swift */ = {isa = PBXFileReference; fileEncoding = 4; lastKnownFileType = sourcecode.swift; path = "CGVector+Extensions.swift"; sourceTree = "<group>"; };
		A5D2E7DA1D1DD4E6009CED84 /* Int+Extensions.swift */ = {isa = PBXFileReference; fileEncoding = 4; lastKnownFileType = sourcecode.swift; path = "Int+Extensions.swift"; sourceTree = "<group>"; };
		A5D2E7DB1D1DD4E6009CED84 /* SKAction+Extensions.swift */ = {isa = PBXFileReference; fileEncoding = 4; lastKnownFileType = sourcecode.swift; path = "SKAction+Extensions.swift"; sourceTree = "<group>"; };
		A5D2E7DC1D1DD4E6009CED84 /* SKAction+SpecialEffects.swift */ = {isa = PBXFileReference; fileEncoding = 4; lastKnownFileType = sourcecode.swift; path = "SKAction+SpecialEffects.swift"; sourceTree = "<group>"; };
		A5D2E7DD1D1DD4E6009CED84 /* SKColor+Extensions.swift */ = {isa = PBXFileReference; fileEncoding = 4; lastKnownFileType = sourcecode.swift; path = "SKColor+Extensions.swift"; sourceTree = "<group>"; };
		A5D2E7DE1D1DD4E6009CED84 /* SKNode+Extensions.swift */ = {isa = PBXFileReference; fileEncoding = 4; lastKnownFileType = sourcecode.swift; path = "SKNode+Extensions.swift"; sourceTree = "<group>"; };
		A5D2E7DF1D1DD4E6009CED84 /* SKTAudio.swift */ = {isa = PBXFileReference; fileEncoding = 4; lastKnownFileType = sourcecode.swift; path = SKTAudio.swift; sourceTree = "<group>"; };
		A5D2E7E01D1DD4E6009CED84 /* SKTEffects.swift */ = {isa = PBXFileReference; fileEncoding = 4; lastKnownFileType = sourcecode.swift; path = SKTEffects.swift; sourceTree = "<group>"; };
		A5D2E7E11D1DD4E6009CED84 /* SKTTimingFunctions.swift */ = {isa = PBXFileReference; fileEncoding = 4; lastKnownFileType = sourcecode.swift; path = SKTTimingFunctions.swift; sourceTree = "<group>"; };
		A5D2E7E21D1DD4E6009CED84 /* Vector3.swift */ = {isa = PBXFileReference; fileEncoding = 4; lastKnownFileType = sourcecode.swift; path = Vector3.swift; sourceTree = "<group>"; };
		A5D2E7F01D1DE94D009CED84 /* Level1.sks */ = {isa = PBXFileReference; lastKnownFileType = file.sks; path = Level1.sks; sourceTree = "<group>"; };
		A5D531911D21B6E3008F3807 /* SealExplosion.sks */ = {isa = PBXFileReference; lastKnownFileType = file.sks; path = SealExplosion.sks; sourceTree = "<group>"; };
		A5D531921D21B6E3008F3807 /* spark.png */ = {isa = PBXFileReference; lastKnownFileType = image.png; path = spark.png; sourceTree = "<group>"; };
		A5D531961D21CEC4008F3807 /* sfx_seal.caf */ = {isa = PBXFileReference; lastKnownFileType = file; path = sfx_seal.caf; sourceTree = "<group>"; };
/* End PBXFileReference section */

/* Begin PBXFrameworksBuildPhase section */
		A509652F1D1D999E00413AF7 /* Frameworks */ = {
			isa = PBXFrameworksBuildPhase;
			buildActionMask = 2147483647;
			files = (
			);
			runOnlyForDeploymentPostprocessing = 0;
		};
/* End PBXFrameworksBuildPhase section */

/* Begin PBXGroup section */
		A50965291D1D999E00413AF7 = {
			isa = PBXGroup;
			children = (
				A509654F1D1D9CAE00413AF7 /* CharacterActions.sks */,
				A50965341D1D999E00413AF7 /* PeevedPenguins */,
				A50965331D1D999E00413AF7 /* Products */,
			);
			sourceTree = "<group>";
		};
		A50965331D1D999E00413AF7 /* Products */ = {
			isa = PBXGroup;
			children = (
				A50965321D1D999E00413AF7 /* PeevedPenguins.app */,
			);
			name = Products;
			sourceTree = "<group>";
		};
		A50965341D1D999E00413AF7 /* PeevedPenguins */ = {
			isa = PBXGroup;
			children = (
				A50965351D1D999E00413AF7 /* AppDelegate.swift */,
				A50965371D1D999E00413AF7 /* GameScene.sks */,
				A50965391D1D999E00413AF7 /* GameScene.swift */,
				A5D531911D21B6E3008F3807 /* SealExplosion.sks */,
				A5D531921D21B6E3008F3807 /* spark.png */,
				A5D2E7EF1D1DE8A7009CED84 /* Levels */,
				A509653B1D1D999E00413AF7 /* GameViewController.swift */,
				A509655C1D1DCAF500413AF7 /* MainScene.swift */,
				A509653D1D1D999E00413AF7 /* Main.storyboard */,
				A50965401D1D999E00413AF7 /* Assets.xcassets */,
				A5D2E7D61D1DD4E6009CED84 /* SKTUtils */,
				A50965581D1DC71A00413AF7 /* MainScene.sks */,
				A50965571D1DC68100413AF7 /* characters */,
				A50965421D1D999E00413AF7 /* LaunchScreen.storyboard */,
				A50965451D1D999E00413AF7 /* Info.plist */,
				A50965531D1DB5CC00413AF7 /* MSReferenceNode.swift */,
				A509655A1D1DC7E600413AF7 /* MSButtonNode.swift */,
				A5D531951D21CEC4008F3807 /* SFX */,
				A509654B1D1D9ADD00413AF7 /* assets.atlas */,
			);
			path = PeevedPenguins;
			sourceTree = "<group>";
		};
		A50965571D1DC68100413AF7 /* characters */ = {
			isa = PBXGroup;
			children = (
				A509654D1D1D9B3300413AF7 /* Bear.sks */,
				A50965511D1DA04C00413AF7 /* Penguin.sks */,
				A50965551D1DB66A00413AF7 /* Seal.sks */,
			);
			name = characters;
			sourceTree = "<group>";
		};
		A5D2E7D61D1DD4E6009CED84 /* SKTUtils */ = {
			isa = PBXGroup;
			children = (
				A5D2E7D71D1DD4E6009CED84 /* CGFloat+Extensions.swift */,
				A5D2E7D81D1DD4E6009CED84 /* CGPoint+Extensions.swift */,
				A5D2E7D91D1DD4E6009CED84 /* CGVector+Extensions.swift */,
				A5D2E7DA1D1DD4E6009CED84 /* Int+Extensions.swift */,
				A5D2E7DB1D1DD4E6009CED84 /* SKAction+Extensions.swift */,
				A5D2E7DC1D1DD4E6009CED84 /* SKAction+SpecialEffects.swift */,
				A5D2E7DD1D1DD4E6009CED84 /* SKColor+Extensions.swift */,
				A5D2E7DE1D1DD4E6009CED84 /* SKNode+Extensions.swift */,
				A5D2E7DF1D1DD4E6009CED84 /* SKTAudio.swift */,
				A5D2E7E01D1DD4E6009CED84 /* SKTEffects.swift */,
				A5D2E7E11D1DD4E6009CED84 /* SKTTimingFunctions.swift */,
				A5D2E7E21D1DD4E6009CED84 /* Vector3.swift */,
			);
			path = SKTUtils;
			sourceTree = "<group>";
		};
		A5D2E7EF1D1DE8A7009CED84 /* Levels */ = {
			isa = PBXGroup;
			children = (
				A5D2E7F01D1DE94D009CED84 /* Level1.sks */,
			);
			name = Levels;
			sourceTree = "<group>";
		};
		A5D531951D21CEC4008F3807 /* SFX */ = {
			isa = PBXGroup;
			children = (
				A5D531961D21CEC4008F3807 /* sfx_seal.caf */,
			);
			name = SFX;
			path = "SFX 3";
			sourceTree = "<group>";
		};
/* End PBXGroup section */

/* Begin PBXNativeTarget section */
		A50965311D1D999E00413AF7 /* PeevedPenguins */ = {
			isa = PBXNativeTarget;
			buildConfigurationList = A50965481D1D999E00413AF7 /* Build configuration list for PBXNativeTarget "PeevedPenguins" */;
			buildPhases = (
				A509652E1D1D999E00413AF7 /* Sources */,
				A509652F1D1D999E00413AF7 /* Frameworks */,
				A50965301D1D999E00413AF7 /* Resources */,
			);
			buildRules = (
			);
			dependencies = (
			);
			name = PeevedPenguins;
			productName = PeevedPenguins;
			productReference = A50965321D1D999E00413AF7 /* PeevedPenguins.app */;
			productType = "com.apple.product-type.application";
		};
/* End PBXNativeTarget section */

/* Begin PBXProject section */
		A509652A1D1D999E00413AF7 /* Project object */ = {
			isa = PBXProject;
			attributes = {
				LastSwiftUpdateCheck = 0730;
				LastUpgradeCheck = 0730;
				ORGANIZATIONNAME = "Owen Meyer";
				TargetAttributes = {
					A50965311D1D999E00413AF7 = {
						CreatedOnToolsVersion = 7.3.1;
						DevelopmentTeam = 34387457B5;
					};
				};
			};
			buildConfigurationList = A509652D1D1D999E00413AF7 /* Build configuration list for PBXProject "PeevedPenguins" */;
			compatibilityVersion = "Xcode 3.2";
			developmentRegion = English;
			hasScannedForEncodings = 0;
			knownRegions = (
				en,
				Base,
			);
			mainGroup = A50965291D1D999E00413AF7;
			productRefGroup = A50965331D1D999E00413AF7 /* Products */;
			projectDirPath = "";
			projectRoot = "";
			targets = (
				A50965311D1D999E00413AF7 /* PeevedPenguins */,
			);
		};
/* End PBXProject section */

/* Begin PBXResourcesBuildPhase section */
		A50965301D1D999E00413AF7 /* Resources */ = {
			isa = PBXResourcesBuildPhase;
			buildActionMask = 2147483647;
			files = (
				A50965561D1DB66A00413AF7 /* Seal.sks in Resources */,
				A50965521D1DA04C00413AF7 /* Penguin.sks in Resources */,
				A50965381D1D999E00413AF7 /* GameScene.sks in Resources */,
				A50965441D1D999E00413AF7 /* LaunchScreen.storyboard in Resources */,
				A50965411D1D999E00413AF7 /* Assets.xcassets in Resources */,
				A5D531941D21B6E3008F3807 /* spark.png in Resources */,
				A509654E1D1D9B3300413AF7 /* Bear.sks in Resources */,
				A5D531931D21B6E3008F3807 /* SealExplosion.sks in Resources */,
				A509654C1D1D9ADD00413AF7 /* assets.atlas in Resources */,
				A5D531971D21CEC4008F3807 /* sfx_seal.caf in Resources */,
				A50965591D1DC71A00413AF7 /* MainScene.sks in Resources */,
				A509653F1D1D999E00413AF7 /* Main.storyboard in Resources */,
				A5D2E7F11D1DE94D009CED84 /* Level1.sks in Resources */,
				A50965501D1D9CAE00413AF7 /* CharacterActions.sks in Resources */,
			);
			runOnlyForDeploymentPostprocessing = 0;
		};
/* End PBXResourcesBuildPhase section */

/* Begin PBXSourcesBuildPhase section */
		A509652E1D1D999E00413AF7 /* Sources */ = {
			isa = PBXSourcesBuildPhase;
			buildActionMask = 2147483647;
			files = (
				A509653A1D1D999E00413AF7 /* GameScene.swift in Sources */,
				A5D2E7ED1D1DD4E6009CED84 /* SKTTimingFunctions.swift in Sources */,
				A50965541D1DB5CC00413AF7 /* MSReferenceNode.swift in Sources */,
				A5D2E7E51D1DD4E6009CED84 /* CGVector+Extensions.swift in Sources */,
				A5D2E7E41D1DD4E6009CED84 /* CGPoint+Extensions.swift in Sources */,
				A5D2E7E31D1DD4E6009CED84 /* CGFloat+Extensions.swift in Sources */,
				A509653C1D1D999E00413AF7 /* GameViewController.swift in Sources */,
				A5D2E7EB1D1DD4E6009CED84 /* SKTAudio.swift in Sources */,
				A509655D1D1DCAF500413AF7 /* MainScene.swift in Sources */,
				A5D2E7EA1D1DD4E6009CED84 /* SKNode+Extensions.swift in Sources */,
				A5D2E7E71D1DD4E6009CED84 /* SKAction+Extensions.swift in Sources */,
				A5D2E7E81D1DD4E6009CED84 /* SKAction+SpecialEffects.swift in Sources */,
				A50965361D1D999E00413AF7 /* AppDelegate.swift in Sources */,
				A509655B1D1DC7E600413AF7 /* MSButtonNode.swift in Sources */,
				A5D2E7EC1D1DD4E6009CED84 /* SKTEffects.swift in Sources */,
				A5D2E7E61D1DD4E6009CED84 /* Int+Extensions.swift in Sources */,
				A5D2E7EE1D1DD4E6009CED84 /* Vector3.swift in Sources */,
				A5D2E7E91D1DD4E6009CED84 /* SKColor+Extensions.swift in Sources */,
			);
			runOnlyForDeploymentPostprocessing = 0;
		};
/* End PBXSourcesBuildPhase section */

/* Begin PBXVariantGroup section */
		A509653D1D1D999E00413AF7 /* Main.storyboard */ = {
			isa = PBXVariantGroup;
			children = (
				A509653E1D1D999E00413AF7 /* Base */,
			);
			name = Main.storyboard;
			sourceTree = "<group>";
		};
		A50965421D1D999E00413AF7 /* LaunchScreen.storyboard */ = {
			isa = PBXVariantGroup;
			children = (
				A50965431D1D999E00413AF7 /* Base */,
			);
			name = LaunchScreen.storyboard;
			sourceTree = "<group>";
		};
/* End PBXVariantGroup section */

/* Begin XCBuildConfiguration section */
		A50965461D1D999E00413AF7 /* Debug */ = {
			isa = XCBuildConfiguration;
			buildSettings = {
				ALWAYS_SEARCH_USER_PATHS = NO;
				CLANG_ANALYZER_NONNULL = YES;
				CLANG_CXX_LANGUAGE_STANDARD = "gnu++0x";
				CLANG_CXX_LIBRARY = "libc++";
				CLANG_ENABLE_MODULES = YES;
				CLANG_ENABLE_OBJC_ARC = YES;
				CLANG_WARN_BOOL_CONVERSION = YES;
				CLANG_WARN_CONSTANT_CONVERSION = YES;
				CLANG_WARN_DIRECT_OBJC_ISA_USAGE = YES_ERROR;
				CLANG_WARN_EMPTY_BODY = YES;
				CLANG_WARN_ENUM_CONVERSION = YES;
				CLANG_WARN_INT_CONVERSION = YES;
				CLANG_WARN_OBJC_ROOT_CLASS = YES_ERROR;
				CLANG_WARN_UNREACHABLE_CODE = YES;
				CLANG_WARN__DUPLICATE_METHOD_MATCH = YES;
				"CODE_SIGN_IDENTITY[sdk=iphoneos*]" = "iPhone Developer";
				COPY_PHASE_STRIP = NO;
				DEBUG_INFORMATION_FORMAT = "dwarf-with-dsym";
				ENABLE_STRICT_OBJC_MSGSEND = YES;
				ENABLE_TESTABILITY = YES;
				GCC_C_LANGUAGE_STANDARD = gnu99;
				GCC_DYNAMIC_NO_PIC = NO;
				GCC_NO_COMMON_BLOCKS = YES;
				GCC_OPTIMIZATION_LEVEL = 0;
				GCC_PREPROCESSOR_DEFINITIONS = (
					"DEBUG=1",
					"$(inherited)",
				);
				GCC_WARN_64_TO_32_BIT_CONVERSION = YES;
				GCC_WARN_ABOUT_RETURN_TYPE = YES_ERROR;
				GCC_WARN_UNDECLARED_SELECTOR = YES;
				GCC_WARN_UNINITIALIZED_AUTOS = YES_AGGRESSIVE;
				GCC_WARN_UNUSED_FUNCTION = YES;
				GCC_WARN_UNUSED_VARIABLE = YES;
				IPHONEOS_DEPLOYMENT_TARGET = 9.3;
				MTL_ENABLE_DEBUG_INFO = YES;
				ONLY_ACTIVE_ARCH = YES;
				SDKROOT = iphoneos;
				SWIFT_OPTIMIZATION_LEVEL = "-Onone";
			};
			name = Debug;
		};
		A50965471D1D999E00413AF7 /* Release */ = {
			isa = XCBuildConfiguration;
			buildSettings = {
				ALWAYS_SEARCH_USER_PATHS = NO;
				CLANG_ANALYZER_NONNULL = YES;
				CLANG_CXX_LANGUAGE_STANDARD = "gnu++0x";
				CLANG_CXX_LIBRARY = "libc++";
				CLANG_ENABLE_MODULES = YES;
				CLANG_ENABLE_OBJC_ARC = YES;
				CLANG_WARN_BOOL_CONVERSION = YES;
				CLANG_WARN_CONSTANT_CONVERSION = YES;
				CLANG_WARN_DIRECT_OBJC_ISA_USAGE = YES_ERROR;
				CLANG_WARN_EMPTY_BODY = YES;
				CLANG_WARN_ENUM_CONVERSION = YES;
				CLANG_WARN_INT_CONVERSION = YES;
				CLANG_WARN_OBJC_ROOT_CLASS = YES_ERROR;
				CLANG_WARN_UNREACHABLE_CODE = YES;
				CLANG_WARN__DUPLICATE_METHOD_MATCH = YES;
				"CODE_SIGN_IDENTITY[sdk=iphoneos*]" = "iPhone Developer";
				COPY_PHASE_STRIP = NO;
				DEBUG_INFORMATION_FORMAT = "dwarf-with-dsym";
				ENABLE_NS_ASSERTIONS = NO;
				ENABLE_STRICT_OBJC_MSGSEND = YES;
				GCC_C_LANGUAGE_STANDARD = gnu99;
				GCC_NO_COMMON_BLOCKS = YES;
				GCC_WARN_64_TO_32_BIT_CONVERSION = YES;
				GCC_WARN_ABOUT_RETURN_TYPE = YES_ERROR;
				GCC_WARN_UNDECLARED_SELECTOR = YES;
				GCC_WARN_UNINITIALIZED_AUTOS = YES_AGGRESSIVE;
				GCC_WARN_UNUSED_FUNCTION = YES;
				GCC_WARN_UNUSED_VARIABLE = YES;
				IPHONEOS_DEPLOYMENT_TARGET = 9.3;
				MTL_ENABLE_DEBUG_INFO = NO;
				SDKROOT = iphoneos;
				VALIDATE_PRODUCT = YES;
			};
			name = Release;
		};
		A50965491D1D999E00413AF7 /* Debug */ = {
			isa = XCBuildConfiguration;
			buildSettings = {
				ASSETCATALOG_COMPILER_APPICON_NAME = AppIcon;
				INFOPLIST_FILE = PeevedPenguins/Info.plist;
				LD_RUNPATH_SEARCH_PATHS = "$(inherited) @executable_path/Frameworks";
				PRODUCT_BUNDLE_IDENTIFIER = com.makeschool.org.PeevedPenguins;
				PRODUCT_NAME = "$(TARGET_NAME)";
			};
			name = Debug;
		};
		A509654A1D1D999E00413AF7 /* Release */ = {
			isa = XCBuildConfiguration;
			buildSettings = {
				ASSETCATALOG_COMPILER_APPICON_NAME = AppIcon;
				INFOPLIST_FILE = PeevedPenguins/Info.plist;
				LD_RUNPATH_SEARCH_PATHS = "$(inherited) @executable_path/Frameworks";
				PRODUCT_BUNDLE_IDENTIFIER = com.makeschool.org.PeevedPenguins;
				PRODUCT_NAME = "$(TARGET_NAME)";
			};
			name = Release;
		};
/* End XCBuildConfiguration section */

/* Begin XCConfigurationList section */
		A509652D1D1D999E00413AF7 /* Build configuration list for PBXProject "PeevedPenguins" */ = {
			isa = XCConfigurationList;
			buildConfigurations = (
				A50965461D1D999E00413AF7 /* Debug */,
				A50965471D1D999E00413AF7 /* Release */,
			);
			defaultConfigurationIsVisible = 0;
			defaultConfigurationName = Release;
		};
		A50965481D1D999E00413AF7 /* Build configuration list for PBXNativeTarget "PeevedPenguins" */ = {
			isa = XCConfigurationList;
			buildConfigurations = (
				A50965491D1D999E00413AF7 /* Debug */,
				A509654A1D1D999E00413AF7 /* Release */,
			);
			defaultConfigurationIsVisible = 0;
			defaultConfigurationName = Release;
		};
/* End XCConfigurationList section */
	};
	rootObject = A509652A1D1D999E00413AF7 /* Project object */;
}
